
Microsoft Visual Studio Solution File, Format Version 12.00
# Visual Studio Version 16
VisualStudioVersion = 16.0.30320.27
MinimumVisualStudioVersion = 10.0.40219.1
Project("{FAE04EC0-301F-11D3-BF4B-00C04F79EFBC}") = "TP06_192149", "TP06_192149.csproj", "{8F55FB92-AD05-42BE-9635-F60F9CAE07C0}"
EndProject
Global
	GlobalSection(SolutionConfigurationPlatforms) = preSolution
		Debug|Any CPU = Debug|Any CPU
		Release|Any CPU = Release|Any CPU
	EndGlobalSection
	GlobalSection(ProjectConfigurationPlatforms) = postSolution
		{8F55FB92-AD05-42BE-9635-F60F9CAE07C0}.Debug|Any CPU.ActiveCfg = Debug|Any CPU
		{8F55FB92-AD05-42BE-9635-F60F9CAE07C0}.Debug|Any CPU.Build.0 = Debug|Any CPU
		{8F55FB92-AD05-42BE-9635-F60F9CAE07C0}.Release|Any CPU.ActiveCfg = Release|Any CPU
		{8F55FB92-AD05-42BE-9635-F60F9CAE07C0}.Release|Any CPU.Build.0 = Release|Any CPU
	EndGlobalSection
	GlobalSection(SolutionProperties) = preSolution
		HideSolutionNode = FALSE
	EndGlobalSection
	GlobalSection(ExtensibilityGlobals) = postSolution
		SolutionGuid = {E9333326-CE11-456D-8E79-D22588F9394F}
	EndGlobalSection
EndGlobal
